
Microsoft Visual Studio Solution File, Format Version 12.00
# Visual Studio Version 17
VisualStudioVersion = 17.4.33403.182
MinimumVisualStudioVersion = 10.0.40219.1
Project("{FAE04EC0-301F-11D3-BF4B-00C04F79EFBC}") = "LopushokApp", "LopushokApp\LopushokApp.csproj", "{9E002B48-BE28-4832-9890-4B239CDD30EF}"
EndProject
Project("{FAE04EC0-301F-11D3-BF4B-00C04F79EFBC}") = "ClassLibrary1", "ClassLibrary1\ClassLibrary1.csproj", "{10B8C9BA-43DD-42F9-B3A4-E4985B9A9A3C}"
EndProject
Project("{FAE04EC0-301F-11D3-BF4B-00C04F79EFBC}") = "TestProject1", "TestProject1\TestProject1.csproj", "{61351100-6D96-4204-A0FF-40F63AFF8F43}"
EndProject
Global
	GlobalSection(SolutionConfigurationPlatforms) = preSolution
		Debug|Any CPU = Debug|Any CPU
		Release|Any CPU = Release|Any CPU
	EndGlobalSection
	GlobalSection(ProjectConfigurationPlatforms) = postSolution
		{9E002B48-BE28-4832-9890-4B239CDD30EF}.Debug|Any CPU.ActiveCfg = Debug|Any CPU
		{9E002B48-BE28-4832-9890-4B239CDD30EF}.Debug|Any CPU.Build.0 = Debug|Any CPU
		{9E002B48-BE28-4832-9890-4B239CDD30EF}.Release|Any CPU.ActiveCfg = Release|Any CPU
		{9E002B48-BE28-4832-9890-4B239CDD30EF}.Release|Any CPU.Build.0 = Release|Any CPU
		{10B8C9BA-43DD-42F9-B3A4-E4985B9A9A3C}.Debug|Any CPU.ActiveCfg = Debug|Any CPU
		{10B8C9BA-43DD-42F9-B3A4-E4985B9A9A3C}.Debug|Any CPU.Build.0 = Debug|Any CPU
		{10B8C9BA-43DD-42F9-B3A4-E4985B9A9A3C}.Release|Any CPU.ActiveCfg = Release|Any CPU
		{10B8C9BA-43DD-42F9-B3A4-E4985B9A9A3C}.Release|Any CPU.Build.0 = Release|Any CPU
		{61351100-6D96-4204-A0FF-40F63AFF8F43}.Debug|Any CPU.ActiveCfg = Debug|Any CPU
		{61351100-6D96-4204-A0FF-40F63AFF8F43}.Debug|Any CPU.Build.0 = Debug|Any CPU
		{61351100-6D96-4204-A0FF-40F63AFF8F43}.Release|Any CPU.ActiveCfg = Release|Any CPU
		{61351100-6D96-4204-A0FF-40F63AFF8F43}.Release|Any CPU.Build.0 = Release|Any CPU
	EndGlobalSection
	GlobalSection(SolutionProperties) = preSolution
		HideSolutionNode = FALSE
	EndGlobalSection
	GlobalSection(ExtensibilityGlobals) = postSolution
		SolutionGuid = {C8C7D8A9-4B5D-4E93-8B1D-7BD1E18EF97B}
	EndGlobalSection
EndGlobal
